
Microsoft Visual Studio Solution File, Format Version 12.00
# Visual Studio 2015
Project("{FAE04EC0-301F-11D3-BF4B-00C04F79EFBC}") = "Unity_KinectPolygonUI.CSharp.Plugins", "Unity_KinectPolygonUI.CSharp.Plugins.csproj", "{FBFBEEDA-A85C-3C31-B292-666958FB2BD2}"
EndProject
Project("{FAE04EC0-301F-11D3-BF4B-00C04F79EFBC}") = "Unity_KinectPolygonUI.CSharp", "Unity_KinectPolygonUI.CSharp.csproj", "{E894A385-EA18-1319-C0D1-E8B6C89A9DE8}"
EndProject
Project("{FAE04EC0-301F-11D3-BF4B-00C04F79EFBC}") = "Unity_KinectPolygonUI.CSharp.Editor.Plugins", "Unity_KinectPolygonUI.CSharp.Editor.Plugins.csproj", "{0D10C64C-13AD-660D-05F4-75071B539ED8}"
EndProject
Global
	GlobalSection(SolutionConfigurationPlatforms) = preSolution
		Debug|Any CPU = Debug|Any CPU
		Release|Any CPU = Release|Any CPU
	EndGlobalSection
	GlobalSection(ProjectConfigurationPlatforms) = postSolution
		{FBFBEEDA-A85C-3C31-B292-666958FB2BD2}.Debug|Any CPU.ActiveCfg = Debug|Any CPU
		{FBFBEEDA-A85C-3C31-B292-666958FB2BD2}.Debug|Any CPU.Build.0 = Debug|Any CPU
		{FBFBEEDA-A85C-3C31-B292-666958FB2BD2}.Release|Any CPU.ActiveCfg = Release|Any CPU
		{FBFBEEDA-A85C-3C31-B292-666958FB2BD2}.Release|Any CPU.Build.0 = Release|Any CPU
		{E894A385-EA18-1319-C0D1-E8B6C89A9DE8}.Debug|Any CPU.ActiveCfg = Debug|Any CPU
		{E894A385-EA18-1319-C0D1-E8B6C89A9DE8}.Debug|Any CPU.Build.0 = Debug|Any CPU
		{E894A385-EA18-1319-C0D1-E8B6C89A9DE8}.Release|Any CPU.ActiveCfg = Release|Any CPU
		{E894A385-EA18-1319-C0D1-E8B6C89A9DE8}.Release|Any CPU.Build.0 = Release|Any CPU
		{0D10C64C-13AD-660D-05F4-75071B539ED8}.Debug|Any CPU.ActiveCfg = Debug|Any CPU
		{0D10C64C-13AD-660D-05F4-75071B539ED8}.Debug|Any CPU.Build.0 = Debug|Any CPU
		{0D10C64C-13AD-660D-05F4-75071B539ED8}.Release|Any CPU.ActiveCfg = Release|Any CPU
		{0D10C64C-13AD-660D-05F4-75071B539ED8}.Release|Any CPU.Build.0 = Release|Any CPU
	EndGlobalSection
	GlobalSection(SolutionProperties) = preSolution
		HideSolutionNode = FALSE
	EndGlobalSection
EndGlobal
