
Microsoft Visual Studio Solution File, Format Version 12.00
# Visual Studio 2015
Project("{FAE04EC0-301F-11D3-BF4B-00C04F79EFBC}") = "Unity_KinectRotateObject.CSharp.Plugins", "Unity_KinectRotateObject.CSharp.Plugins.csproj", "{AC0DF78A-F89B-A61F-02E0-9825DDFEDA25}"
EndProject
Project("{FAE04EC0-301F-11D3-BF4B-00C04F79EFBC}") = "Unity_KinectRotateObject.CSharp", "Unity_KinectRotateObject.CSharp.csproj", "{98656FD0-D44E-8127-3CCB-769935AAFBB5}"
EndProject
Project("{FAE04EC0-301F-11D3-BF4B-00C04F79EFBC}") = "Unity_KinectRotateObject.CSharp.Editor.Plugins", "Unity_KinectRotateObject.CSharp.Editor.Plugins.csproj", "{DF461C77-E378-9DB8-1DD7-28B9F010994E}"
EndProject
Global
	GlobalSection(SolutionConfigurationPlatforms) = preSolution
		Debug|Any CPU = Debug|Any CPU
		Release|Any CPU = Release|Any CPU
	EndGlobalSection
	GlobalSection(ProjectConfigurationPlatforms) = postSolution
		{AC0DF78A-F89B-A61F-02E0-9825DDFEDA25}.Debug|Any CPU.ActiveCfg = Debug|Any CPU
		{AC0DF78A-F89B-A61F-02E0-9825DDFEDA25}.Debug|Any CPU.Build.0 = Debug|Any CPU
		{AC0DF78A-F89B-A61F-02E0-9825DDFEDA25}.Release|Any CPU.ActiveCfg = Release|Any CPU
		{AC0DF78A-F89B-A61F-02E0-9825DDFEDA25}.Release|Any CPU.Build.0 = Release|Any CPU
		{98656FD0-D44E-8127-3CCB-769935AAFBB5}.Debug|Any CPU.ActiveCfg = Debug|Any CPU
		{98656FD0-D44E-8127-3CCB-769935AAFBB5}.Debug|Any CPU.Build.0 = Debug|Any CPU
		{98656FD0-D44E-8127-3CCB-769935AAFBB5}.Release|Any CPU.ActiveCfg = Release|Any CPU
		{98656FD0-D44E-8127-3CCB-769935AAFBB5}.Release|Any CPU.Build.0 = Release|Any CPU
		{DF461C77-E378-9DB8-1DD7-28B9F010994E}.Debug|Any CPU.ActiveCfg = Debug|Any CPU
		{DF461C77-E378-9DB8-1DD7-28B9F010994E}.Debug|Any CPU.Build.0 = Debug|Any CPU
		{DF461C77-E378-9DB8-1DD7-28B9F010994E}.Release|Any CPU.ActiveCfg = Release|Any CPU
		{DF461C77-E378-9DB8-1DD7-28B9F010994E}.Release|Any CPU.Build.0 = Release|Any CPU
	EndGlobalSection
	GlobalSection(SolutionProperties) = preSolution
		HideSolutionNode = FALSE
	EndGlobalSection
EndGlobal
